// !$*UTF8*$!
{
	archiveVersion = 1;
	classes = {
	};
	objectVersion = 50;
	objects = {

/* Begin PBXBuildFile section */
		AB824B5A25A643D900C5A513 /* Tests_iOS.swift in Sources */ = {isa = PBXBuildFile; fileRef = AB824B5925A643D900C5A513 /* Tests_iOS.swift */; };
		AB824B6525A643D900C5A513 /* Tests_macOS.swift in Sources */ = {isa = PBXBuildFile; fileRef = AB824B6425A643D900C5A513 /* Tests_macOS.swift */; };
		AB824B6725A643D900C5A513 /* Chess_PartyApp.swift in Sources */ = {isa = PBXBuildFile; fileRef = AB824B3E25A643D400C5A513 /* Chess_PartyApp.swift */; };
		AB824B6825A643D900C5A513 /* Chess_PartyApp.swift in Sources */ = {isa = PBXBuildFile; fileRef = AB824B3E25A643D400C5A513 /* Chess_PartyApp.swift */; };
		AB824B6925A643D900C5A513 /* ContentView.swift in Sources */ = {isa = PBXBuildFile; fileRef = AB824B3F25A643D400C5A513 /* ContentView.swift */; };
		AB824B6A25A643D900C5A513 /* ContentView.swift in Sources */ = {isa = PBXBuildFile; fileRef = AB824B3F25A643D400C5A513 /* ContentView.swift */; };
		AB824B6B25A643D900C5A513 /* Assets.xcassets in Resources */ = {isa = PBXBuildFile; fileRef = AB824B4025A643D900C5A513 /* Assets.xcassets */; };
		AB824B6C25A643D900C5A513 /* Assets.xcassets in Resources */ = {isa = PBXBuildFile; fileRef = AB824B4025A643D900C5A513 /* Assets.xcassets */; };
		ABE50C8E25A9140A0093AE52 /* ChessBoard.swift in Sources */ = {isa = PBXBuildFile; fileRef = ABE50C8D25A9140A0093AE52 /* ChessBoard.swift */; };
		ABE50C8F25A9140A0093AE52 /* ChessBoard.swift in Sources */ = {isa = PBXBuildFile; fileRef = ABE50C8D25A9140A0093AE52 /* ChessBoard.swift */; };
		ABE50C9025A9140A0093AE52 /* ChessBoard.swift in Sources */ = {isa = PBXBuildFile; fileRef = ABE50C8D25A9140A0093AE52 /* ChessBoard.swift */; };
		ABE50C9125A9140A0093AE52 /* ChessBoard.swift in Sources */ = {isa = PBXBuildFile; fileRef = ABE50C8D25A9140A0093AE52 /* ChessBoard.swift */; };
		ABE50C9825A914320093AE52 /* Move.swift in Sources */ = {isa = PBXBuildFile; fileRef = ABE50C9725A914320093AE52 /* Move.swift */; };
		ABE50C9925A914320093AE52 /* Move.swift in Sources */ = {isa = PBXBuildFile; fileRef = ABE50C9725A914320093AE52 /* Move.swift */; };
		ABE50C9A25A914320093AE52 /* Move.swift in Sources */ = {isa = PBXBuildFile; fileRef = ABE50C9725A914320093AE52 /* Move.swift */; };
		ABE50C9B25A914320093AE52 /* Move.swift in Sources */ = {isa = PBXBuildFile; fileRef = ABE50C9725A914320093AE52 /* Move.swift */; };
		ABE50CA525A914F80093AE52 /* Position.swift in Sources */ = {isa = PBXBuildFile; fileRef = ABE50CA425A914F80093AE52 /* Position.swift */; };
		ABE50CA625A914F80093AE52 /* Position.swift in Sources */ = {isa = PBXBuildFile; fileRef = ABE50CA425A914F80093AE52 /* Position.swift */; };
		ABE50CA725A914F80093AE52 /* Position.swift in Sources */ = {isa = PBXBuildFile; fileRef = ABE50CA425A914F80093AE52 /* Position.swift */; };
		ABE50CA825A914F80093AE52 /* Position.swift in Sources */ = {isa = PBXBuildFile; fileRef = ABE50CA425A914F80093AE52 /* Position.swift */; };
		ABE50CAE25A9154E0093AE52 /* Piece.swift in Sources */ = {isa = PBXBuildFile; fileRef = ABE50CAD25A9154E0093AE52 /* Piece.swift */; };
		ABE50CAF25A9154E0093AE52 /* Piece.swift in Sources */ = {isa = PBXBuildFile; fileRef = ABE50CAD25A9154E0093AE52 /* Piece.swift */; };
		ABE50CB025A9154E0093AE52 /* Piece.swift in Sources */ = {isa = PBXBuildFile; fileRef = ABE50CAD25A9154E0093AE52 /* Piece.swift */; };
		ABE50CB125A9154E0093AE52 /* Piece.swift in Sources */ = {isa = PBXBuildFile; fileRef = ABE50CAD25A9154E0093AE52 /* Piece.swift */; };
		ABE50CC025A9FE430093AE52 /* TraditionalChessBoard.swift in Sources */ = {isa = PBXBuildFile; fileRef = ABE50CBF25A9FE430093AE52 /* TraditionalChessBoard.swift */; };
		ABE50CC125A9FE430093AE52 /* TraditionalChessBoard.swift in Sources */ = {isa = PBXBuildFile; fileRef = ABE50CBF25A9FE430093AE52 /* TraditionalChessBoard.swift */; };
		ABE50CC225A9FE430093AE52 /* TraditionalChessBoard.swift in Sources */ = {isa = PBXBuildFile; fileRef = ABE50CBF25A9FE430093AE52 /* TraditionalChessBoard.swift */; };
		ABE50CC325A9FE430093AE52 /* TraditionalChessBoard.swift in Sources */ = {isa = PBXBuildFile; fileRef = ABE50CBF25A9FE430093AE52 /* TraditionalChessBoard.swift */; };
		EB1CFECF25AA3627002BA365 /* Player.swift in Sources */ = {isa = PBXBuildFile; fileRef = EB1CFECE25AA3627002BA365 /* Player.swift */; };
		EB1CFED025AA3627002BA365 /* Player.swift in Sources */ = {isa = PBXBuildFile; fileRef = EB1CFECE25AA3627002BA365 /* Player.swift */; };
		EB1CFED125AA3627002BA365 /* Player.swift in Sources */ = {isa = PBXBuildFile; fileRef = EB1CFECE25AA3627002BA365 /* Player.swift */; };
		EB1CFED225AA3627002BA365 /* Player.swift in Sources */ = {isa = PBXBuildFile; fileRef = EB1CFECE25AA3627002BA365 /* Player.swift */; };
		EB1CFEE025AA3D25002BA365 /* Team.swift in Sources */ = {isa = PBXBuildFile; fileRef = EB1CFEDF25AA3D25002BA365 /* Team.swift */; };
		EB1CFEE125AA3D25002BA365 /* Team.swift in Sources */ = {isa = PBXBuildFile; fileRef = EB1CFEDF25AA3D25002BA365 /* Team.swift */; };
		EB1CFEE225AA3D25002BA365 /* Team.swift in Sources */ = {isa = PBXBuildFile; fileRef = EB1CFEDF25AA3D25002BA365 /* Team.swift */; };
		EB1CFEE325AA3D25002BA365 /* Team.swift in Sources */ = {isa = PBXBuildFile; fileRef = EB1CFEDF25AA3D25002BA365 /* Team.swift */; };
		EB1CFEE925AA4635002BA365 /* OnDevicePlayer.swift in Sources */ = {isa = PBXBuildFile; fileRef = EB1CFEE825AA4635002BA365 /* OnDevicePlayer.swift */; };
		EB1CFEEA25AA4635002BA365 /* OnDevicePlayer.swift in Sources */ = {isa = PBXBuildFile; fileRef = EB1CFEE825AA4635002BA365 /* OnDevicePlayer.swift */; };
		EB1CFEEB25AA4635002BA365 /* OnDevicePlayer.swift in Sources */ = {isa = PBXBuildFile; fileRef = EB1CFEE825AA4635002BA365 /* OnDevicePlayer.swift */; };
		EB1CFEEC25AA4635002BA365 /* OnDevicePlayer.swift in Sources */ = {isa = PBXBuildFile; fileRef = EB1CFEE825AA4635002BA365 /* OnDevicePlayer.swift */; };
		EB1CFEF225AA47B0002BA365 /* ComputerPlayer.swift in Sources */ = {isa = PBXBuildFile; fileRef = EB1CFEF125AA47B0002BA365 /* ComputerPlayer.swift */; };
		EB1CFEF325AA47B0002BA365 /* ComputerPlayer.swift in Sources */ = {isa = PBXBuildFile; fileRef = EB1CFEF125AA47B0002BA365 /* ComputerPlayer.swift */; };
		EB1CFEF425AA47B0002BA365 /* ComputerPlayer.swift in Sources */ = {isa = PBXBuildFile; fileRef = EB1CFEF125AA47B0002BA365 /* ComputerPlayer.swift */; };
		EB1CFEF525AA47B0002BA365 /* ComputerPlayer.swift in Sources */ = {isa = PBXBuildFile; fileRef = EB1CFEF125AA47B0002BA365 /* ComputerPlayer.swift */; };
		EB1CFEFB25AA486D002BA365 /* RemotePlayer.swift in Sources */ = {isa = PBXBuildFile; fileRef = EB1CFEFA25AA486D002BA365 /* RemotePlayer.swift */; };
		EB1CFEFC25AA486D002BA365 /* RemotePlayer.swift in Sources */ = {isa = PBXBuildFile; fileRef = EB1CFEFA25AA486D002BA365 /* RemotePlayer.swift */; };
		EB1CFEFD25AA486D002BA365 /* RemotePlayer.swift in Sources */ = {isa = PBXBuildFile; fileRef = EB1CFEFA25AA486D002BA365 /* RemotePlayer.swift */; };
		EB1CFEFE25AA486D002BA365 /* RemotePlayer.swift in Sources */ = {isa = PBXBuildFile; fileRef = EB1CFEFA25AA486D002BA365 /* RemotePlayer.swift */; };
		EB1CFF0A25AA49DF002BA365 /* ChessGame.swift in Sources */ = {isa = PBXBuildFile; fileRef = EB1CFF0925AA49DF002BA365 /* ChessGame.swift */; };
		EB1CFF0B25AA49DF002BA365 /* ChessGame.swift in Sources */ = {isa = PBXBuildFile; fileRef = EB1CFF0925AA49DF002BA365 /* ChessGame.swift */; };
		EB1CFF0C25AA49DF002BA365 /* ChessGame.swift in Sources */ = {isa = PBXBuildFile; fileRef = EB1CFF0925AA49DF002BA365 /* ChessGame.swift */; };
		EB1CFF0D25AA49DF002BA365 /* ChessGame.swift in Sources */ = {isa = PBXBuildFile; fileRef = EB1CFF0925AA49DF002BA365 /* ChessGame.swift */; };
		EB1CFF1725AA4F01002BA365 /* GameState.swift in Sources */ = {isa = PBXBuildFile; fileRef = EB1CFF1625AA4F01002BA365 /* GameState.swift */; };
		EB1CFF1825AA4F01002BA365 /* GameState.swift in Sources */ = {isa = PBXBuildFile; fileRef = EB1CFF1625AA4F01002BA365 /* GameState.swift */; };
		EB1CFF1925AA4F01002BA365 /* GameState.swift in Sources */ = {isa = PBXBuildFile; fileRef = EB1CFF1625AA4F01002BA365 /* GameState.swift */; };
		EB1CFF1A25AA4F01002BA365 /* GameState.swift in Sources */ = {isa = PBXBuildFile; fileRef = EB1CFF1625AA4F01002BA365 /* GameState.swift */; };
		EB1CFF2025AA5019002BA365 /* SelectionType.swift in Sources */ = {isa = PBXBuildFile; fileRef = EB1CFF1F25AA5019002BA365 /* SelectionType.swift */; };
		EB1CFF2125AA5019002BA365 /* SelectionType.swift in Sources */ = {isa = PBXBuildFile; fileRef = EB1CFF1F25AA5019002BA365 /* SelectionType.swift */; };
		EB1CFF2225AA5019002BA365 /* SelectionType.swift in Sources */ = {isa = PBXBuildFile; fileRef = EB1CFF1F25AA5019002BA365 /* SelectionType.swift */; };
		EB1CFF2325AA5019002BA365 /* SelectionType.swift in Sources */ = {isa = PBXBuildFile; fileRef = EB1CFF1F25AA5019002BA365 /* SelectionType.swift */; };
		EB28541A25ACC44900B9150F /* SquareChessBoardView.swift in Sources */ = {isa = PBXBuildFile; fileRef = EB28541925ACC44900B9150F /* SquareChessBoardView.swift */; };
		EB28541B25ACC44900B9150F /* SquareChessBoardView.swift in Sources */ = {isa = PBXBuildFile; fileRef = EB28541925ACC44900B9150F /* SquareChessBoardView.swift */; };
		EB28542525ACC4DC00B9150F /* TileView.swift in Sources */ = {isa = PBXBuildFile; fileRef = EB28542425ACC4DC00B9150F /* TileView.swift */; };
		EB28542625ACC4DC00B9150F /* TileView.swift in Sources */ = {isa = PBXBuildFile; fileRef = EB28542425ACC4DC00B9150F /* TileView.swift */; };
		EB28542C25ACC72E00B9150F /* Direction.swift in Sources */ = {isa = PBXBuildFile; fileRef = EB28542B25ACC72E00B9150F /* Direction.swift */; };
		EB28542D25ACC72E00B9150F /* Direction.swift in Sources */ = {isa = PBXBuildFile; fileRef = EB28542B25ACC72E00B9150F /* Direction.swift */; };
		EB28542E25ACC72E00B9150F /* Direction.swift in Sources */ = {isa = PBXBuildFile; fileRef = EB28542B25ACC72E00B9150F /* Direction.swift */; };
		EB28542F25ACC72E00B9150F /* Direction.swift in Sources */ = {isa = PBXBuildFile; fileRef = EB28542B25ACC72E00B9150F /* Direction.swift */; };
/* End PBXBuildFile section */

/* Begin PBXContainerItemProxy section */
		AB824B5625A643D900C5A513 /* PBXContainerItemProxy */ = {
			isa = PBXContainerItemProxy;
			containerPortal = AB824B3925A643D400C5A513 /* Project object */;
			proxyType = 1;
			remoteGlobalIDString = AB824B4425A643D900C5A513;
			remoteInfo = "Chess Party (iOS)";
		};
		AB824B6125A643D900C5A513 /* PBXContainerItemProxy */ = {
			isa = PBXContainerItemProxy;
			containerPortal = AB824B3925A643D400C5A513 /* Project object */;
			proxyType = 1;
			remoteGlobalIDString = AB824B4C25A643D900C5A513;
			remoteInfo = "Chess Party (macOS)";
		};
/* End PBXContainerItemProxy section */

/* Begin PBXFileReference section */
		AB824B3E25A643D400C5A513 /* Chess_PartyApp.swift */ = {isa = PBXFileReference; lastKnownFileType = sourcecode.swift; path = Chess_PartyApp.swift; sourceTree = "<group>"; };
		AB824B3F25A643D400C5A513 /* ContentView.swift */ = {isa = PBXFileReference; lastKnownFileType = sourcecode.swift; path = ContentView.swift; sourceTree = "<group>"; };
		AB824B4025A643D900C5A513 /* Assets.xcassets */ = {isa = PBXFileReference; lastKnownFileType = folder.assetcatalog; path = Assets.xcassets; sourceTree = "<group>"; };
		AB824B4525A643D900C5A513 /* Chess Party.app */ = {isa = PBXFileReference; explicitFileType = wrapper.application; includeInIndex = 0; path = "Chess Party.app"; sourceTree = BUILT_PRODUCTS_DIR; };
		AB824B4825A643D900C5A513 /* Info.plist */ = {isa = PBXFileReference; lastKnownFileType = text.plist.xml; path = Info.plist; sourceTree = "<group>"; };
		AB824B4D25A643D900C5A513 /* Chess Party.app */ = {isa = PBXFileReference; explicitFileType = wrapper.application; includeInIndex = 0; path = "Chess Party.app"; sourceTree = BUILT_PRODUCTS_DIR; };
		AB824B4F25A643D900C5A513 /* Info.plist */ = {isa = PBXFileReference; lastKnownFileType = text.plist.xml; path = Info.plist; sourceTree = "<group>"; };
		AB824B5025A643D900C5A513 /* macOS.entitlements */ = {isa = PBXFileReference; lastKnownFileType = text.plist.entitlements; path = macOS.entitlements; sourceTree = "<group>"; };
		AB824B5525A643D900C5A513 /* Tests iOS.xctest */ = {isa = PBXFileReference; explicitFileType = wrapper.cfbundle; includeInIndex = 0; path = "Tests iOS.xctest"; sourceTree = BUILT_PRODUCTS_DIR; };
		AB824B5925A643D900C5A513 /* Tests_iOS.swift */ = {isa = PBXFileReference; lastKnownFileType = sourcecode.swift; path = Tests_iOS.swift; sourceTree = "<group>"; };
		AB824B5B25A643D900C5A513 /* Info.plist */ = {isa = PBXFileReference; lastKnownFileType = text.plist.xml; path = Info.plist; sourceTree = "<group>"; };
		AB824B6025A643D900C5A513 /* Tests macOS.xctest */ = {isa = PBXFileReference; explicitFileType = wrapper.cfbundle; includeInIndex = 0; path = "Tests macOS.xctest"; sourceTree = BUILT_PRODUCTS_DIR; };
		AB824B6425A643D900C5A513 /* Tests_macOS.swift */ = {isa = PBXFileReference; lastKnownFileType = sourcecode.swift; path = Tests_macOS.swift; sourceTree = "<group>"; };
		AB824B6625A643D900C5A513 /* Info.plist */ = {isa = PBXFileReference; lastKnownFileType = text.plist.xml; path = Info.plist; sourceTree = "<group>"; };
		ABE50C8D25A9140A0093AE52 /* ChessBoard.swift */ = {isa = PBXFileReference; lastKnownFileType = sourcecode.swift; path = ChessBoard.swift; sourceTree = "<group>"; };
		ABE50C9725A914320093AE52 /* Move.swift */ = {isa = PBXFileReference; lastKnownFileType = sourcecode.swift; path = Move.swift; sourceTree = "<group>"; };
		ABE50CA425A914F80093AE52 /* Position.swift */ = {isa = PBXFileReference; lastKnownFileType = sourcecode.swift; path = Position.swift; sourceTree = "<group>"; };
		ABE50CAD25A9154E0093AE52 /* Piece.swift */ = {isa = PBXFileReference; lastKnownFileType = sourcecode.swift; path = Piece.swift; sourceTree = "<group>"; };
		ABE50CBF25A9FE430093AE52 /* TraditionalChessBoard.swift */ = {isa = PBXFileReference; lastKnownFileType = sourcecode.swift; path = TraditionalChessBoard.swift; sourceTree = "<group>"; };
		EB1CFECE25AA3627002BA365 /* Player.swift */ = {isa = PBXFileReference; lastKnownFileType = sourcecode.swift; path = Player.swift; sourceTree = "<group>"; };
		EB1CFEDF25AA3D25002BA365 /* Team.swift */ = {isa = PBXFileReference; lastKnownFileType = sourcecode.swift; path = Team.swift; sourceTree = "<group>"; };
		EB1CFEE825AA4635002BA365 /* OnDevicePlayer.swift */ = {isa = PBXFileReference; lastKnownFileType = sourcecode.swift; path = OnDevicePlayer.swift; sourceTree = "<group>"; };
		EB1CFEF125AA47B0002BA365 /* ComputerPlayer.swift */ = {isa = PBXFileReference; lastKnownFileType = sourcecode.swift; path = ComputerPlayer.swift; sourceTree = "<group>"; };
		EB1CFEFA25AA486D002BA365 /* RemotePlayer.swift */ = {isa = PBXFileReference; lastKnownFileType = sourcecode.swift; path = RemotePlayer.swift; sourceTree = "<group>"; };
		EB1CFF0925AA49DF002BA365 /* ChessGame.swift */ = {isa = PBXFileReference; lastKnownFileType = sourcecode.swift; path = ChessGame.swift; sourceTree = "<group>"; };
		EB1CFF1625AA4F01002BA365 /* GameState.swift */ = {isa = PBXFileReference; lastKnownFileType = sourcecode.swift; path = GameState.swift; sourceTree = "<group>"; };
		EB1CFF1F25AA5019002BA365 /* SelectionType.swift */ = {isa = PBXFileReference; lastKnownFileType = sourcecode.swift; path = SelectionType.swift; sourceTree = "<group>"; };
		EB28541925ACC44900B9150F /* SquareChessBoardView.swift */ = {isa = PBXFileReference; lastKnownFileType = sourcecode.swift; path = SquareChessBoardView.swift; sourceTree = "<group>"; };
		EB28542425ACC4DC00B9150F /* TileView.swift */ = {isa = PBXFileReference; lastKnownFileType = sourcecode.swift; path = TileView.swift; sourceTree = "<group>"; };
		EB28542B25ACC72E00B9150F /* Direction.swift */ = {isa = PBXFileReference; lastKnownFileType = sourcecode.swift; path = Direction.swift; sourceTree = "<group>"; };
		EBA285DB25A64DA40010AEBF /* README.md */ = {isa = PBXFileReference; lastKnownFileType = net.daringfireball.markdown; path = README.md; sourceTree = "<group>"; };
/* End PBXFileReference section */

/* Begin PBXFrameworksBuildPhase section */
		AB824B4225A643D900C5A513 /* Frameworks */ = {
			isa = PBXFrameworksBuildPhase;
			buildActionMask = 2147483647;
			files = (
			);
			runOnlyForDeploymentPostprocessing = 0;
		};
		AB824B4A25A643D900C5A513 /* Frameworks */ = {
			isa = PBXFrameworksBuildPhase;
			buildActionMask = 2147483647;
			files = (
			);
			runOnlyForDeploymentPostprocessing = 0;
		};
		AB824B5225A643D900C5A513 /* Frameworks */ = {
			isa = PBXFrameworksBuildPhase;
			buildActionMask = 2147483647;
			files = (
			);
			runOnlyForDeploymentPostprocessing = 0;
		};
		AB824B5D25A643D900C5A513 /* Frameworks */ = {
			isa = PBXFrameworksBuildPhase;
			buildActionMask = 2147483647;
			files = (
			);
			runOnlyForDeploymentPostprocessing = 0;
		};
/* End PBXFrameworksBuildPhase section */

/* Begin PBXGroup section */
		AB824B3825A643D400C5A513 = {
			isa = PBXGroup;
			children = (
				EBA285DB25A64DA40010AEBF /* README.md */,
				AB824B3D25A643D400C5A513 /* Shared */,
				AB824B4725A643D900C5A513 /* iOS */,
				AB824B4E25A643D900C5A513 /* macOS */,
				AB824B5825A643D900C5A513 /* Tests iOS */,
				AB824B6325A643D900C5A513 /* Tests macOS */,
				AB824B4625A643D900C5A513 /* Products */,
			);
			sourceTree = "<group>";
		};
		AB824B3D25A643D400C5A513 /* Shared */ = {
			isa = PBXGroup;
			children = (
				EB28541825ACC41D00B9150F /* Views */,
				EB32C2D325ACBAEA009EF1DB /* View-Model */,
				ABE50C7925A912A90093AE52 /* Models */,
				AB824B3E25A643D400C5A513 /* Chess_PartyApp.swift */,
				AB824B4025A643D900C5A513 /* Assets.xcassets */,
			);
			path = Shared;
			sourceTree = "<group>";
		};
		AB824B4625A643D900C5A513 /* Products */ = {
			isa = PBXGroup;
			children = (
				AB824B4525A643D900C5A513 /* Chess Party.app */,
				AB824B4D25A643D900C5A513 /* Chess Party.app */,
				AB824B5525A643D900C5A513 /* Tests iOS.xctest */,
				AB824B6025A643D900C5A513 /* Tests macOS.xctest */,
			);
			name = Products;
			sourceTree = "<group>";
		};
		AB824B4725A643D900C5A513 /* iOS */ = {
			isa = PBXGroup;
			children = (
				AB824B4825A643D900C5A513 /* Info.plist */,
			);
			path = iOS;
			sourceTree = "<group>";
		};
		AB824B4E25A643D900C5A513 /* macOS */ = {
			isa = PBXGroup;
			children = (
				AB824B4F25A643D900C5A513 /* Info.plist */,
				AB824B5025A643D900C5A513 /* macOS.entitlements */,
			);
			path = macOS;
			sourceTree = "<group>";
		};
		AB824B5825A643D900C5A513 /* Tests iOS */ = {
			isa = PBXGroup;
			children = (
				AB824B5925A643D900C5A513 /* Tests_iOS.swift */,
				AB824B5B25A643D900C5A513 /* Info.plist */,
			);
			path = "Tests iOS";
			sourceTree = "<group>";
		};
		AB824B6325A643D900C5A513 /* Tests macOS */ = {
			isa = PBXGroup;
			children = (
				AB824B6425A643D900C5A513 /* Tests_macOS.swift */,
				AB824B6625A643D900C5A513 /* Info.plist */,
			);
			path = "Tests macOS";
			sourceTree = "<group>";
		};
		ABE50C7925A912A90093AE52 /* Models */ = {
			isa = PBXGroup;
			children = (
				EB1CFECD25AA3604002BA365 /* Players */,
				ABE50C7B25A912D80093AE52 /* Chess-Board */,
				ABE50CA425A914F80093AE52 /* Position.swift */,
				EB28542B25ACC72E00B9150F /* Direction.swift */,
			);
			path = Models;
			sourceTree = "<group>";
		};
		ABE50C7B25A912D80093AE52 /* Chess-Board */ = {
			isa = PBXGroup;
			children = (
				ABE50C8D25A9140A0093AE52 /* ChessBoard.swift */,
				ABE50C9725A914320093AE52 /* Move.swift */,
				ABE50CAD25A9154E0093AE52 /* Piece.swift */,
				ABE50CBF25A9FE430093AE52 /* TraditionalChessBoard.swift */,
			);
			path = "Chess-Board";
			sourceTree = "<group>";
		};
		EB1CFECD25AA3604002BA365 /* Players */ = {
			isa = PBXGroup;
			children = (
				EB1CFECE25AA3627002BA365 /* Player.swift */,
				EB1CFEE825AA4635002BA365 /* OnDevicePlayer.swift */,
				EB1CFEFA25AA486D002BA365 /* RemotePlayer.swift */,
				EB1CFEF125AA47B0002BA365 /* ComputerPlayer.swift */,
				EB1CFEDF25AA3D25002BA365 /* Team.swift */,
			);
			path = Players;
			sourceTree = "<group>";
		};
		EB28541825ACC41D00B9150F /* Views */ = {
			isa = PBXGroup;
			children = (
				EB28541925ACC44900B9150F /* SquareChessBoardView.swift */,
				EB28542425ACC4DC00B9150F /* TileView.swift */,
				AB824B3F25A643D400C5A513 /* ContentView.swift */,
			);
			path = Views;
			sourceTree = "<group>";
		};
		EB32C2D325ACBAEA009EF1DB /* View-Model */ = {
			isa = PBXGroup;
			children = (
				EB1CFF0925AA49DF002BA365 /* ChessGame.swift */,
				EB1CFF1F25AA5019002BA365 /* SelectionType.swift */,
				EB1CFF1625AA4F01002BA365 /* GameState.swift */,
			);
			path = "View-Model";
			sourceTree = "<group>";
		};
/* End PBXGroup section */

/* Begin PBXNativeTarget section */
		AB824B4425A643D900C5A513 /* Chess Party (iOS) */ = {
			isa = PBXNativeTarget;
			buildConfigurationList = AB824B6F25A643D900C5A513 /* Build configuration list for PBXNativeTarget "Chess Party (iOS)" */;
			buildPhases = (
				AB824B4125A643D900C5A513 /* Sources */,
				AB824B4225A643D900C5A513 /* Frameworks */,
				AB824B4325A643D900C5A513 /* Resources */,
			);
			buildRules = (
			);
			dependencies = (
			);
			name = "Chess Party (iOS)";
			productName = "Chess Party (iOS)";
			productReference = AB824B4525A643D900C5A513 /* Chess Party.app */;
			productType = "com.apple.product-type.application";
		};
		AB824B4C25A643D900C5A513 /* Chess Party (macOS) */ = {
			isa = PBXNativeTarget;
			buildConfigurationList = AB824B7225A643D900C5A513 /* Build configuration list for PBXNativeTarget "Chess Party (macOS)" */;
			buildPhases = (
				AB824B4925A643D900C5A513 /* Sources */,
				AB824B4A25A643D900C5A513 /* Frameworks */,
				AB824B4B25A643D900C5A513 /* Resources */,
			);
			buildRules = (
			);
			dependencies = (
			);
			name = "Chess Party (macOS)";
			productName = "Chess Party (macOS)";
			productReference = AB824B4D25A643D900C5A513 /* Chess Party.app */;
			productType = "com.apple.product-type.application";
		};
		AB824B5425A643D900C5A513 /* Tests iOS */ = {
			isa = PBXNativeTarget;
			buildConfigurationList = AB824B7525A643D900C5A513 /* Build configuration list for PBXNativeTarget "Tests iOS" */;
			buildPhases = (
				AB824B5125A643D900C5A513 /* Sources */,
				AB824B5225A643D900C5A513 /* Frameworks */,
				AB824B5325A643D900C5A513 /* Resources */,
			);
			buildRules = (
			);
			dependencies = (
				AB824B5725A643D900C5A513 /* PBXTargetDependency */,
			);
			name = "Tests iOS";
			productName = "Tests iOS";
			productReference = AB824B5525A643D900C5A513 /* Tests iOS.xctest */;
			productType = "com.apple.product-type.bundle.ui-testing";
		};
		AB824B5F25A643D900C5A513 /* Tests macOS */ = {
			isa = PBXNativeTarget;
			buildConfigurationList = AB824B7825A643D900C5A513 /* Build configuration list for PBXNativeTarget "Tests macOS" */;
			buildPhases = (
				AB824B5C25A643D900C5A513 /* Sources */,
				AB824B5D25A643D900C5A513 /* Frameworks */,
				AB824B5E25A643D900C5A513 /* Resources */,
			);
			buildRules = (
			);
			dependencies = (
				AB824B6225A643D900C5A513 /* PBXTargetDependency */,
			);
			name = "Tests macOS";
			productName = "Tests macOS";
			productReference = AB824B6025A643D900C5A513 /* Tests macOS.xctest */;
			productType = "com.apple.product-type.bundle.ui-testing";
		};
/* End PBXNativeTarget section */

/* Begin PBXProject section */
		AB824B3925A643D400C5A513 /* Project object */ = {
			isa = PBXProject;
			attributes = {
				LastSwiftUpdateCheck = 1230;
				LastUpgradeCheck = 1230;
				TargetAttributes = {
					AB824B4425A643D900C5A513 = {
						CreatedOnToolsVersion = 12.3;
					};
					AB824B4C25A643D900C5A513 = {
						CreatedOnToolsVersion = 12.3;
					};
					AB824B5425A643D900C5A513 = {
						CreatedOnToolsVersion = 12.3;
						TestTargetID = AB824B4425A643D900C5A513;
					};
					AB824B5F25A643D900C5A513 = {
						CreatedOnToolsVersion = 12.3;
						TestTargetID = AB824B4C25A643D900C5A513;
					};
				};
			};
			buildConfigurationList = AB824B3C25A643D400C5A513 /* Build configuration list for PBXProject "Chess Party" */;
			compatibilityVersion = "Xcode 9.3";
			developmentRegion = en;
			hasScannedForEncodings = 0;
			knownRegions = (
				en,
				Base,
			);
			mainGroup = AB824B3825A643D400C5A513;
			productRefGroup = AB824B4625A643D900C5A513 /* Products */;
			projectDirPath = "";
			projectRoot = "";
			targets = (
				AB824B4425A643D900C5A513 /* Chess Party (iOS) */,
				AB824B4C25A643D900C5A513 /* Chess Party (macOS) */,
				AB824B5425A643D900C5A513 /* Tests iOS */,
				AB824B5F25A643D900C5A513 /* Tests macOS */,
			);
		};
/* End PBXProject section */

/* Begin PBXResourcesBuildPhase section */
		AB824B4325A643D900C5A513 /* Resources */ = {
			isa = PBXResourcesBuildPhase;
			buildActionMask = 2147483647;
			files = (
				AB824B6B25A643D900C5A513 /* Assets.xcassets in Resources */,
			);
			runOnlyForDeploymentPostprocessing = 0;
		};
		AB824B4B25A643D900C5A513 /* Resources */ = {
			isa = PBXResourcesBuildPhase;
			buildActionMask = 2147483647;
			files = (
				AB824B6C25A643D900C5A513 /* Assets.xcassets in Resources */,
			);
			runOnlyForDeploymentPostprocessing = 0;
		};
		AB824B5325A643D900C5A513 /* Resources */ = {
			isa = PBXResourcesBuildPhase;
			buildActionMask = 2147483647;
			files = (
			);
			runOnlyForDeploymentPostprocessing = 0;
		};
		AB824B5E25A643D900C5A513 /* Resources */ = {
			isa = PBXResourcesBuildPhase;
			buildActionMask = 2147483647;
			files = (
			);
			runOnlyForDeploymentPostprocessing = 0;
		};
/* End PBXResourcesBuildPhase section */

/* Begin PBXSourcesBuildPhase section */
		AB824B4125A643D900C5A513 /* Sources */ = {
			isa = PBXSourcesBuildPhase;
			buildActionMask = 2147483647;
			files = (
				EB1CFEE025AA3D25002BA365 /* Team.swift in Sources */,
				EB1CFF2025AA5019002BA365 /* SelectionType.swift in Sources */,
				EB1CFEE925AA4635002BA365 /* OnDevicePlayer.swift in Sources */,
				EB1CFEFB25AA486D002BA365 /* RemotePlayer.swift in Sources */,
				ABE50C9825A914320093AE52 /* Move.swift in Sources */,
				AB824B6925A643D900C5A513 /* ContentView.swift in Sources */,
				EB1CFEF225AA47B0002BA365 /* ComputerPlayer.swift in Sources */,
				ABE50CAE25A9154E0093AE52 /* Piece.swift in Sources */,
				EB1CFF1725AA4F01002BA365 /* GameState.swift in Sources */,
				ABE50C8E25A9140A0093AE52 /* ChessBoard.swift in Sources */,
				ABE50CA525A914F80093AE52 /* Position.swift in Sources */,
				AB824B6725A643D900C5A513 /* Chess_PartyApp.swift in Sources */,
				EB28542525ACC4DC00B9150F /* TileView.swift in Sources */,
				EB1CFECF25AA3627002BA365 /* Player.swift in Sources */,
				EB1CFF0A25AA49DF002BA365 /* ChessGame.swift in Sources */,
				ABE50CC025A9FE430093AE52 /* TraditionalChessBoard.swift in Sources */,
				EB28541A25ACC44900B9150F /* SquareChessBoardView.swift in Sources */,
				EB28542C25ACC72E00B9150F /* Direction.swift in Sources */,
			);
			runOnlyForDeploymentPostprocessing = 0;
		};
		AB824B4925A643D900C5A513 /* Sources */ = {
			isa = PBXSourcesBuildPhase;
			buildActionMask = 2147483647;
			files = (
				EB1CFEE125AA3D25002BA365 /* Team.swift in Sources */,
				EB1CFF2125AA5019002BA365 /* SelectionType.swift in Sources */,
				EB1CFEEA25AA4635002BA365 /* OnDevicePlayer.swift in Sources */,
				EB1CFEFC25AA486D002BA365 /* RemotePlayer.swift in Sources */,
				ABE50C9925A914320093AE52 /* Move.swift in Sources */,
				AB824B6A25A643D900C5A513 /* ContentView.swift in Sources */,
				EB1CFEF325AA47B0002BA365 /* ComputerPlayer.swift in Sources */,
				ABE50CAF25A9154E0093AE52 /* Piece.swift in Sources */,
				EB1CFF1825AA4F01002BA365 /* GameState.swift in Sources */,
				ABE50C8F25A9140A0093AE52 /* ChessBoard.swift in Sources */,
				ABE50CA625A914F80093AE52 /* Position.swift in Sources */,
				AB824B6825A643D900C5A513 /* Chess_PartyApp.swift in Sources */,
				EB28542625ACC4DC00B9150F /* TileView.swift in Sources */,
				EB1CFED025AA3627002BA365 /* Player.swift in Sources */,
				EB1CFF0B25AA49DF002BA365 /* ChessGame.swift in Sources */,
				ABE50CC125A9FE430093AE52 /* TraditionalChessBoard.swift in Sources */,
				EB28541B25ACC44900B9150F /* SquareChessBoardView.swift in Sources */,
				EB28542D25ACC72E00B9150F /* Direction.swift in Sources */,
			);
			runOnlyForDeploymentPostprocessing = 0;
		};
		AB824B5125A643D900C5A513 /* Sources */ = {
			isa = PBXSourcesBuildPhase;
			buildActionMask = 2147483647;
			files = (
				AB824B5A25A643D900C5A513 /* Tests_iOS.swift in Sources */,
				ABE50C9A25A914320093AE52 /* Move.swift in Sources */,
				EB1CFF1925AA4F01002BA365 /* GameState.swift in Sources */,
				ABE50CC225A9FE430093AE52 /* TraditionalChessBoard.swift in Sources */,
				EB1CFF2225AA5019002BA365 /* SelectionType.swift in Sources */,
				ABE50CB025A9154E0093AE52 /* Piece.swift in Sources */,
				EB1CFEE225AA3D25002BA365 /* Team.swift in Sources */,
				EB1CFED125AA3627002BA365 /* Player.swift in Sources */,
				EB28542E25ACC72E00B9150F /* Direction.swift in Sources */,
				EB1CFF0C25AA49DF002BA365 /* ChessGame.swift in Sources */,
				ABE50CA725A914F80093AE52 /* Position.swift in Sources */,
				EB1CFEF425AA47B0002BA365 /* ComputerPlayer.swift in Sources */,
				ABE50C9025A9140A0093AE52 /* ChessBoard.swift in Sources */,
				EB1CFEEB25AA4635002BA365 /* OnDevicePlayer.swift in Sources */,
				EB1CFEFD25AA486D002BA365 /* RemotePlayer.swift in Sources */,
			);
			runOnlyForDeploymentPostprocessing = 0;
		};
		AB824B5C25A643D900C5A513 /* Sources */ = {
			isa = PBXSourcesBuildPhase;
			buildActionMask = 2147483647;
			files = (
				AB824B6525A643D900C5A513 /* Tests_macOS.swift in Sources */,
				ABE50C9B25A914320093AE52 /* Move.swift in Sources */,
				EB1CFF1A25AA4F01002BA365 /* GameState.swift in Sources */,
				ABE50CC325A9FE430093AE52 /* TraditionalChessBoard.swift in Sources */,
				EB1CFF2325AA5019002BA365 /* SelectionType.swift in Sources */,
				ABE50CB125A9154E0093AE52 /* Piece.swift in Sources */,
				EB1CFEE325AA3D25002BA365 /* Team.swift in Sources */,
				EB1CFED225AA3627002BA365 /* Player.swift in Sources */,
				EB28542F25ACC72E00B9150F /* Direction.swift in Sources */,
				EB1CFF0D25AA49DF002BA365 /* ChessGame.swift in Sources */,
				ABE50CA825A914F80093AE52 /* Position.swift in Sources */,
				EB1CFEF525AA47B0002BA365 /* ComputerPlayer.swift in Sources */,
				ABE50C9125A9140A0093AE52 /* ChessBoard.swift in Sources */,
				EB1CFEEC25AA4635002BA365 /* OnDevicePlayer.swift in Sources */,
				EB1CFEFE25AA486D002BA365 /* RemotePlayer.swift in Sources */,
			);
			runOnlyForDeploymentPostprocessing = 0;
		};
/* End PBXSourcesBuildPhase section */

/* Begin PBXTargetDependency section */
		AB824B5725A643D900C5A513 /* PBXTargetDependency */ = {
			isa = PBXTargetDependency;
			target = AB824B4425A643D900C5A513 /* Chess Party (iOS) */;
			targetProxy = AB824B5625A643D900C5A513 /* PBXContainerItemProxy */;
		};
		AB824B6225A643D900C5A513 /* PBXTargetDependency */ = {
			isa = PBXTargetDependency;
			target = AB824B4C25A643D900C5A513 /* Chess Party (macOS) */;
			targetProxy = AB824B6125A643D900C5A513 /* PBXContainerItemProxy */;
		};
/* End PBXTargetDependency section */

/* Begin XCBuildConfiguration section */
		AB824B6D25A643D900C5A513 /* Debug */ = {
			isa = XCBuildConfiguration;
			buildSettings = {
				ALWAYS_SEARCH_USER_PATHS = NO;
				CLANG_ANALYZER_NONNULL = YES;
				CLANG_ANALYZER_NUMBER_OBJECT_CONVERSION = YES_AGGRESSIVE;
				CLANG_CXX_LANGUAGE_STANDARD = "gnu++14";
				CLANG_CXX_LIBRARY = "libc++";
				CLANG_ENABLE_MODULES = YES;
				CLANG_ENABLE_OBJC_ARC = YES;
				CLANG_ENABLE_OBJC_WEAK = YES;
				CLANG_WARN_BLOCK_CAPTURE_AUTORELEASING = YES;
				CLANG_WARN_BOOL_CONVERSION = YES;
				CLANG_WARN_COMMA = YES;
				CLANG_WARN_CONSTANT_CONVERSION = YES;
				CLANG_WARN_DEPRECATED_OBJC_IMPLEMENTATIONS = YES;
				CLANG_WARN_DIRECT_OBJC_ISA_USAGE = YES_ERROR;
				CLANG_WARN_DOCUMENTATION_COMMENTS = YES;
				CLANG_WARN_EMPTY_BODY = YES;
				CLANG_WARN_ENUM_CONVERSION = YES;
				CLANG_WARN_INFINITE_RECURSION = YES;
				CLANG_WARN_INT_CONVERSION = YES;
				CLANG_WARN_NON_LITERAL_NULL_CONVERSION = YES;
				CLANG_WARN_OBJC_IMPLICIT_RETAIN_SELF = YES;
				CLANG_WARN_OBJC_LITERAL_CONVERSION = YES;
				CLANG_WARN_OBJC_ROOT_CLASS = YES_ERROR;
				CLANG_WARN_QUOTED_INCLUDE_IN_FRAMEWORK_HEADER = YES;
				CLANG_WARN_RANGE_LOOP_ANALYSIS = YES;
				CLANG_WARN_STRICT_PROTOTYPES = YES;
				CLANG_WARN_SUSPICIOUS_MOVE = YES;
				CLANG_WARN_UNGUARDED_AVAILABILITY = YES_AGGRESSIVE;
				CLANG_WARN_UNREACHABLE_CODE = YES;
				CLANG_WARN__DUPLICATE_METHOD_MATCH = YES;
				COPY_PHASE_STRIP = NO;
				DEBUG_INFORMATION_FORMAT = dwarf;
				ENABLE_STRICT_OBJC_MSGSEND = YES;
				ENABLE_TESTABILITY = YES;
				GCC_C_LANGUAGE_STANDARD = gnu11;
				GCC_DYNAMIC_NO_PIC = NO;
				GCC_NO_COMMON_BLOCKS = YES;
				GCC_OPTIMIZATION_LEVEL = 0;
				GCC_PREPROCESSOR_DEFINITIONS = (
					"DEBUG=1",
					"$(inherited)",
				);
				GCC_WARN_64_TO_32_BIT_CONVERSION = YES;
				GCC_WARN_ABOUT_RETURN_TYPE = YES_ERROR;
				GCC_WARN_UNDECLARED_SELECTOR = YES;
				GCC_WARN_UNINITIALIZED_AUTOS = YES_AGGRESSIVE;
				GCC_WARN_UNUSED_FUNCTION = YES;
				GCC_WARN_UNUSED_VARIABLE = YES;
				MTL_ENABLE_DEBUG_INFO = INCLUDE_SOURCE;
				MTL_FAST_MATH = YES;
				ONLY_ACTIVE_ARCH = YES;
				SWIFT_ACTIVE_COMPILATION_CONDITIONS = DEBUG;
				SWIFT_OPTIMIZATION_LEVEL = "-Onone";
			};
			name = Debug;
		};
		AB824B6E25A643D900C5A513 /* Release */ = {
			isa = XCBuildConfiguration;
			buildSettings = {
				ALWAYS_SEARCH_USER_PATHS = NO;
				CLANG_ANALYZER_NONNULL = YES;
				CLANG_ANALYZER_NUMBER_OBJECT_CONVERSION = YES_AGGRESSIVE;
				CLANG_CXX_LANGUAGE_STANDARD = "gnu++14";
				CLANG_CXX_LIBRARY = "libc++";
				CLANG_ENABLE_MODULES = YES;
				CLANG_ENABLE_OBJC_ARC = YES;
				CLANG_ENABLE_OBJC_WEAK = YES;
				CLANG_WARN_BLOCK_CAPTURE_AUTORELEASING = YES;
				CLANG_WARN_BOOL_CONVERSION = YES;
				CLANG_WARN_COMMA = YES;
				CLANG_WARN_CONSTANT_CONVERSION = YES;
				CLANG_WARN_DEPRECATED_OBJC_IMPLEMENTATIONS = YES;
				CLANG_WARN_DIRECT_OBJC_ISA_USAGE = YES_ERROR;
				CLANG_WARN_DOCUMENTATION_COMMENTS = YES;
				CLANG_WARN_EMPTY_BODY = YES;
				CLANG_WARN_ENUM_CONVERSION = YES;
				CLANG_WARN_INFINITE_RECURSION = YES;
				CLANG_WARN_INT_CONVERSION = YES;
				CLANG_WARN_NON_LITERAL_NULL_CONVERSION = YES;
				CLANG_WARN_OBJC_IMPLICIT_RETAIN_SELF = YES;
				CLANG_WARN_OBJC_LITERAL_CONVERSION = YES;
				CLANG_WARN_OBJC_ROOT_CLASS = YES_ERROR;
				CLANG_WARN_QUOTED_INCLUDE_IN_FRAMEWORK_HEADER = YES;
				CLANG_WARN_RANGE_LOOP_ANALYSIS = YES;
				CLANG_WARN_STRICT_PROTOTYPES = YES;
				CLANG_WARN_SUSPICIOUS_MOVE = YES;
				CLANG_WARN_UNGUARDED_AVAILABILITY = YES_AGGRESSIVE;
				CLANG_WARN_UNREACHABLE_CODE = YES;
				CLANG_WARN__DUPLICATE_METHOD_MATCH = YES;
				COPY_PHASE_STRIP = NO;
				DEBUG_INFORMATION_FORMAT = "dwarf-with-dsym";
				ENABLE_NS_ASSERTIONS = NO;
				ENABLE_STRICT_OBJC_MSGSEND = YES;
				GCC_C_LANGUAGE_STANDARD = gnu11;
				GCC_NO_COMMON_BLOCKS = YES;
				GCC_WARN_64_TO_32_BIT_CONVERSION = YES;
				GCC_WARN_ABOUT_RETURN_TYPE = YES_ERROR;
				GCC_WARN_UNDECLARED_SELECTOR = YES;
				GCC_WARN_UNINITIALIZED_AUTOS = YES_AGGRESSIVE;
				GCC_WARN_UNUSED_FUNCTION = YES;
				GCC_WARN_UNUSED_VARIABLE = YES;
				MTL_ENABLE_DEBUG_INFO = NO;
				MTL_FAST_MATH = YES;
				SWIFT_COMPILATION_MODE = wholemodule;
				SWIFT_OPTIMIZATION_LEVEL = "-O";
			};
			name = Release;
		};
		AB824B7025A643D900C5A513 /* Debug */ = {
			isa = XCBuildConfiguration;
			buildSettings = {
				ASSETCATALOG_COMPILER_APPICON_NAME = AppIcon;
				ASSETCATALOG_COMPILER_GLOBAL_ACCENT_COLOR_NAME = AccentColor;
				CODE_SIGN_STYLE = Automatic;
				ENABLE_PREVIEWS = YES;
				INFOPLIST_FILE = iOS/Info.plist;
				IPHONEOS_DEPLOYMENT_TARGET = 14.0;
				LD_RUNPATH_SEARCH_PATHS = (
					"$(inherited)",
					"@executable_path/Frameworks",
				);
				PRODUCT_BUNDLE_IDENTIFIER = "com.vermillingua.Chess-Party";
				PRODUCT_NAME = "Chess Party";
				SDKROOT = iphoneos;
				SWIFT_VERSION = 5.0;
				TARGETED_DEVICE_FAMILY = "1,2";
			};
			name = Debug;
		};
		AB824B7125A643D900C5A513 /* Release */ = {
			isa = XCBuildConfiguration;
			buildSettings = {
				ASSETCATALOG_COMPILER_APPICON_NAME = AppIcon;
				ASSETCATALOG_COMPILER_GLOBAL_ACCENT_COLOR_NAME = AccentColor;
				CODE_SIGN_STYLE = Automatic;
				ENABLE_PREVIEWS = YES;
				INFOPLIST_FILE = iOS/Info.plist;
				IPHONEOS_DEPLOYMENT_TARGET = 14.0;
				LD_RUNPATH_SEARCH_PATHS = (
					"$(inherited)",
					"@executable_path/Frameworks",
				);
				PRODUCT_BUNDLE_IDENTIFIER = "com.vermillingua.Chess-Party";
				PRODUCT_NAME = "Chess Party";
				SDKROOT = iphoneos;
				SWIFT_VERSION = 5.0;
				TARGETED_DEVICE_FAMILY = "1,2";
				VALIDATE_PRODUCT = YES;
			};
			name = Release;
		};
		AB824B7325A643D900C5A513 /* Debug */ = {
			isa = XCBuildConfiguration;
			buildSettings = {
				ASSETCATALOG_COMPILER_APPICON_NAME = AppIcon;
				ASSETCATALOG_COMPILER_GLOBAL_ACCENT_COLOR_NAME = AccentColor;
				CODE_SIGN_ENTITLEMENTS = macOS/macOS.entitlements;
				CODE_SIGN_STYLE = Automatic;
				COMBINE_HIDPI_IMAGES = YES;
				ENABLE_PREVIEWS = YES;
				INFOPLIST_FILE = macOS/Info.plist;
				LD_RUNPATH_SEARCH_PATHS = (
					"$(inherited)",
					"@executable_path/../Frameworks",
				);
				MACOSX_DEPLOYMENT_TARGET = 11.0;
				PRODUCT_BUNDLE_IDENTIFIER = "com.vermillingua.Chess-Party";
				PRODUCT_NAME = "Chess Party";
				SDKROOT = macosx;
				SWIFT_VERSION = 5.0;
			};
			name = Debug;
		};
		AB824B7425A643D900C5A513 /* Release */ = {
			isa = XCBuildConfiguration;
			buildSettings = {
				ASSETCATALOG_COMPILER_APPICON_NAME = AppIcon;
				ASSETCATALOG_COMPILER_GLOBAL_ACCENT_COLOR_NAME = AccentColor;
				CODE_SIGN_ENTITLEMENTS = macOS/macOS.entitlements;
				CODE_SIGN_STYLE = Automatic;
				COMBINE_HIDPI_IMAGES = YES;
				ENABLE_PREVIEWS = YES;
				INFOPLIST_FILE = macOS/Info.plist;
				LD_RUNPATH_SEARCH_PATHS = (
					"$(inherited)",
					"@executable_path/../Frameworks",
				);
				MACOSX_DEPLOYMENT_TARGET = 11.0;
				PRODUCT_BUNDLE_IDENTIFIER = "com.vermillingua.Chess-Party";
				PRODUCT_NAME = "Chess Party";
				SDKROOT = macosx;
				SWIFT_VERSION = 5.0;
			};
			name = Release;
		};
		AB824B7625A643D900C5A513 /* Debug */ = {
			isa = XCBuildConfiguration;
			buildSettings = {
				ALWAYS_EMBED_SWIFT_STANDARD_LIBRARIES = YES;
				CODE_SIGN_STYLE = Automatic;
				INFOPLIST_FILE = "Tests iOS/Info.plist";
				IPHONEOS_DEPLOYMENT_TARGET = 14.3;
				LD_RUNPATH_SEARCH_PATHS = (
					"$(inherited)",
					"@executable_path/Frameworks",
					"@loader_path/Frameworks",
				);
				PRODUCT_BUNDLE_IDENTIFIER = "com.vermillingua.Tests-iOS";
				PRODUCT_NAME = "$(TARGET_NAME)";
				SDKROOT = iphoneos;
				SWIFT_VERSION = 5.0;
				TARGETED_DEVICE_FAMILY = "1,2";
				TEST_TARGET_NAME = "Chess Party (iOS)";
			};
			name = Debug;
		};
		AB824B7725A643D900C5A513 /* Release */ = {
			isa = XCBuildConfiguration;
			buildSettings = {
				ALWAYS_EMBED_SWIFT_STANDARD_LIBRARIES = YES;
				CODE_SIGN_STYLE = Automatic;
				INFOPLIST_FILE = "Tests iOS/Info.plist";
				IPHONEOS_DEPLOYMENT_TARGET = 14.3;
				LD_RUNPATH_SEARCH_PATHS = (
					"$(inherited)",
					"@executable_path/Frameworks",
					"@loader_path/Frameworks",
				);
				PRODUCT_BUNDLE_IDENTIFIER = "com.vermillingua.Tests-iOS";
				PRODUCT_NAME = "$(TARGET_NAME)";
				SDKROOT = iphoneos;
				SWIFT_VERSION = 5.0;
				TARGETED_DEVICE_FAMILY = "1,2";
				TEST_TARGET_NAME = "Chess Party (iOS)";
				VALIDATE_PRODUCT = YES;
			};
			name = Release;
		};
		AB824B7925A643D900C5A513 /* Debug */ = {
			isa = XCBuildConfiguration;
			buildSettings = {
				ALWAYS_EMBED_SWIFT_STANDARD_LIBRARIES = YES;
				CODE_SIGN_STYLE = Automatic;
				COMBINE_HIDPI_IMAGES = YES;
				INFOPLIST_FILE = "Tests macOS/Info.plist";
				LD_RUNPATH_SEARCH_PATHS = (
					"$(inherited)",
					"@executable_path/../Frameworks",
					"@loader_path/../Frameworks",
				);
				MACOSX_DEPLOYMENT_TARGET = 11.1;
				PRODUCT_BUNDLE_IDENTIFIER = "com.vermillingua.Tests-macOS";
				PRODUCT_NAME = "$(TARGET_NAME)";
				SDKROOT = macosx;
				SWIFT_VERSION = 5.0;
				TEST_TARGET_NAME = "Chess Party (macOS)";
			};
			name = Debug;
		};
		AB824B7A25A643D900C5A513 /* Release */ = {
			isa = XCBuildConfiguration;
			buildSettings = {
				ALWAYS_EMBED_SWIFT_STANDARD_LIBRARIES = YES;
				CODE_SIGN_STYLE = Automatic;
				COMBINE_HIDPI_IMAGES = YES;
				INFOPLIST_FILE = "Tests macOS/Info.plist";
				LD_RUNPATH_SEARCH_PATHS = (
					"$(inherited)",
					"@executable_path/../Frameworks",
					"@loader_path/../Frameworks",
				);
				MACOSX_DEPLOYMENT_TARGET = 11.1;
				PRODUCT_BUNDLE_IDENTIFIER = "com.vermillingua.Tests-macOS";
				PRODUCT_NAME = "$(TARGET_NAME)";
				SDKROOT = macosx;
				SWIFT_VERSION = 5.0;
				TEST_TARGET_NAME = "Chess Party (macOS)";
			};
			name = Release;
		};
/* End XCBuildConfiguration section */

/* Begin XCConfigurationList section */
		AB824B3C25A643D400C5A513 /* Build configuration list for PBXProject "Chess Party" */ = {
			isa = XCConfigurationList;
			buildConfigurations = (
				AB824B6D25A643D900C5A513 /* Debug */,
				AB824B6E25A643D900C5A513 /* Release */,
			);
			defaultConfigurationIsVisible = 0;
			defaultConfigurationName = Release;
		};
		AB824B6F25A643D900C5A513 /* Build configuration list for PBXNativeTarget "Chess Party (iOS)" */ = {
			isa = XCConfigurationList;
			buildConfigurations = (
				AB824B7025A643D900C5A513 /* Debug */,
				AB824B7125A643D900C5A513 /* Release */,
			);
			defaultConfigurationIsVisible = 0;
			defaultConfigurationName = Release;
		};
		AB824B7225A643D900C5A513 /* Build configuration list for PBXNativeTarget "Chess Party (macOS)" */ = {
			isa = XCConfigurationList;
			buildConfigurations = (
				AB824B7325A643D900C5A513 /* Debug */,
				AB824B7425A643D900C5A513 /* Release */,
			);
			defaultConfigurationIsVisible = 0;
			defaultConfigurationName = Release;
		};
		AB824B7525A643D900C5A513 /* Build configuration list for PBXNativeTarget "Tests iOS" */ = {
			isa = XCConfigurationList;
			buildConfigurations = (
				AB824B7625A643D900C5A513 /* Debug */,
				AB824B7725A643D900C5A513 /* Release */,
			);
			defaultConfigurationIsVisible = 0;
			defaultConfigurationName = Release;
		};
		AB824B7825A643D900C5A513 /* Build configuration list for PBXNativeTarget "Tests macOS" */ = {
			isa = XCConfigurationList;
			buildConfigurations = (
				AB824B7925A643D900C5A513 /* Debug */,
				AB824B7A25A643D900C5A513 /* Release */,
			);
			defaultConfigurationIsVisible = 0;
			defaultConfigurationName = Release;
		};
/* End XCConfigurationList section */
	};
	rootObject = AB824B3925A643D400C5A513 /* Project object */;
}
